
Microsoft Visual Studio Solution File, Format Version 12.00
Project("{FAE04EC0-301F-11D3-BF4B-00C04F79EFBC}") = "AvaloniaApplication1", "AvaloniaApplication1\AvaloniaApplication1.csproj", "{9DD52C97-F3EB-40E6-B343-EF96807EC4FC}"
EndProject
Global
	GlobalSection(SolutionConfigurationPlatforms) = preSolution
		Debug|Any CPU = Debug|Any CPU
		Release|Any CPU = Release|Any CPU
	EndGlobalSection
	GlobalSection(ProjectConfigurationPlatforms) = postSolution
		{9DD52C97-F3EB-40E6-B343-EF96807EC4FC}.Debug|Any CPU.ActiveCfg = Debug|Any CPU
		{9DD52C97-F3EB-40E6-B343-EF96807EC4FC}.Debug|Any CPU.Build.0 = Debug|Any CPU
		{9DD52C97-F3EB-40E6-B343-EF96807EC4FC}.Release|Any CPU.ActiveCfg = Release|Any CPU
		{9DD52C97-F3EB-40E6-B343-EF96807EC4FC}.Release|Any CPU.Build.0 = Release|Any CPU
	EndGlobalSection
EndGlobal
